
Microsoft Visual Studio Solution File, Format Version 12.00
# Visual Studio 15
VisualStudioVersion = 15.0.28010.2026
MinimumVisualStudioVersion = 10.0.40219.1
Project("{9A19103F-16F7-4668-BE54-9A1E7A4F7556}") = "ProjectEuler", "ProjectEuler\ProjectEuler.csproj", "{8D9E003A-3D88-4697-9D34-FAD68F9DCE36}"
EndProject
Project("{FAE04EC0-301F-11D3-BF4B-00C04F79EFBC}") = "ProjectEuler.Archive", "ProjectEuler.Archive\ProjectEuler.Archive.csproj", "{0101AE69-8824-43F1-8C0E-BAE0923045D0}"
EndProject
Project("{FAE04EC0-301F-11D3-BF4B-00C04F79EFBC}") = "ProjectEuler.Utilities", "ProjectEuler.Utilities\ProjectEuler.Utilities.csproj", "{864FB3FF-B917-4176-95A5-2FA21DFC0B6F}"
EndProject
Global
	GlobalSection(SolutionConfigurationPlatforms) = preSolution
		Debug|Any CPU = Debug|Any CPU
		Release|Any CPU = Release|Any CPU
	EndGlobalSection
	GlobalSection(ProjectConfigurationPlatforms) = postSolution
		{8D9E003A-3D88-4697-9D34-FAD68F9DCE36}.Debug|Any CPU.ActiveCfg = Debug|Any CPU
		{8D9E003A-3D88-4697-9D34-FAD68F9DCE36}.Debug|Any CPU.Build.0 = Debug|Any CPU
		{8D9E003A-3D88-4697-9D34-FAD68F9DCE36}.Release|Any CPU.ActiveCfg = Release|Any CPU
		{8D9E003A-3D88-4697-9D34-FAD68F9DCE36}.Release|Any CPU.Build.0 = Release|Any CPU
		{0101AE69-8824-43F1-8C0E-BAE0923045D0}.Debug|Any CPU.ActiveCfg = Debug|Any CPU
		{0101AE69-8824-43F1-8C0E-BAE0923045D0}.Debug|Any CPU.Build.0 = Debug|Any CPU
		{0101AE69-8824-43F1-8C0E-BAE0923045D0}.Release|Any CPU.ActiveCfg = Release|Any CPU
		{0101AE69-8824-43F1-8C0E-BAE0923045D0}.Release|Any CPU.Build.0 = Release|Any CPU
		{864FB3FF-B917-4176-95A5-2FA21DFC0B6F}.Debug|Any CPU.ActiveCfg = Debug|Any CPU
		{864FB3FF-B917-4176-95A5-2FA21DFC0B6F}.Debug|Any CPU.Build.0 = Debug|Any CPU
		{864FB3FF-B917-4176-95A5-2FA21DFC0B6F}.Release|Any CPU.ActiveCfg = Release|Any CPU
		{864FB3FF-B917-4176-95A5-2FA21DFC0B6F}.Release|Any CPU.Build.0 = Release|Any CPU
	EndGlobalSection
	GlobalSection(SolutionProperties) = preSolution
		HideSolutionNode = FALSE
	EndGlobalSection
	GlobalSection(ExtensibilityGlobals) = postSolution
		SolutionGuid = {3895DB10-CA58-4C96-818D-F161DACFFC77}
	EndGlobalSection
EndGlobal
